
Microsoft Visual Studio Solution File, Format Version 12.00
# Visual Studio Version 17
VisualStudioVersion = 17.7.34031.279
MinimumVisualStudioVersion = 10.0.40219.1
Project("{FAE04EC0-301F-11D3-BF4B-00C04F79EFBC}") = "ParSauImpar", "ParSauImpar.csproj", "{5C7D9F88-45DF-455F-8C87-FE04907EE087}"
EndProject
Global
	GlobalSection(SolutionConfigurationPlatforms) = preSolution
		Debug|Any CPU = Debug|Any CPU
		Release|Any CPU = Release|Any CPU
	EndGlobalSection
	GlobalSection(ProjectConfigurationPlatforms) = postSolution
		{5C7D9F88-45DF-455F-8C87-FE04907EE087}.Debug|Any CPU.ActiveCfg = Debug|Any CPU
		{5C7D9F88-45DF-455F-8C87-FE04907EE087}.Debug|Any CPU.Build.0 = Debug|Any CPU
		{5C7D9F88-45DF-455F-8C87-FE04907EE087}.Release|Any CPU.ActiveCfg = Release|Any CPU
		{5C7D9F88-45DF-455F-8C87-FE04907EE087}.Release|Any CPU.Build.0 = Release|Any CPU
	EndGlobalSection
	GlobalSection(SolutionProperties) = preSolution
		HideSolutionNode = FALSE
	EndGlobalSection
	GlobalSection(ExtensibilityGlobals) = postSolution
		SolutionGuid = {20BE58CE-8669-4A1D-901C-45E7697D462E}
	EndGlobalSection
EndGlobal
